{
  "name": "dumper",
  "version": "1.0.0",
  "lockfileVersion": 1,
  "requires": true,
  "dependencies": {
    "figlet": {
      "version": "1.3.0",
      "resolved": "https://registry.npmjs.org/figlet/-/figlet-1.3.0.tgz",
      "integrity": "sha512-f7A8aOJAfyehLJ7lQ6rEA8WJw7kOk3lfWRi5piSjkzbK5YkI5sqO8eiLHz1ehO+DM0QYB85i8VfA6XIGUbU1dg=="
    }
  }
}
